
Microsoft Visual Studio Solution File, Format Version 12.00
# Visual Studio Version 17
VisualStudioVersion = 17.5.002.0
MinimumVisualStudioVersion = 10.0.40219.1
Project("{2150E333-8FDC-42A3-9474-1A3956D46DE8}") = "sandbox", "sandbox", "{1C83236F-76D6-4F0B-B251-0F13AA4B01E4}"
EndProject
Project("{9A19103F-16F7-4668-BE54-9A1E7A4F7556}") = "sandbox_project", "sandbox\sandbox_project\sandbox_project.csproj", "{A5E827EA-533D-42BC-9D9A-0D3F63766BBE}"
EndProject
Project("{2150E333-8FDC-42A3-9474-1A3956D46DE8}") = "week01", "week01", "{B4DDC6D4-E22C-487F-8364-876C35DE2634}"
EndProject
Project("{9A19103F-16F7-4668-BE54-9A1E7A4F7556}") = "analyze", "week01\analyze\analyze.csproj", "{BAED6483-995F-41D0-BB8B-4C33B5AE1986}"
EndProject
Project("{9A19103F-16F7-4668-BE54-9A1E7A4F7556}") = "code", "week01\code\code.csproj", "{89A9D86D-6D41-4D13-B544-8D75F53C5319}"
EndProject
Project("{9A19103F-16F7-4668-BE54-9A1E7A4F7556}") = "teach", "week01\teach\teach.csproj", "{88AC69DA-FC49-4F3E-8A4C-B9DE44816D10}"
EndProject
Project("{2150E333-8FDC-42A3-9474-1A3956D46DE8}") = "week02", "week02", "{F5F27EBA-27D6-4BC4-8BE0-2F3B30AC52B0}"
EndProject
Project("{9A19103F-16F7-4668-BE54-9A1E7A4F7556}") = "analyze", "week02\analyze\analyze.csproj", "{96B5C5F0-143E-4C9E-83AC-2662093D63F4}"
EndProject
Project("{9A19103F-16F7-4668-BE54-9A1E7A4F7556}") = "code", "week02\code\code.csproj", "{F357B5B5-5902-4678-AC48-3ECF6B77AFD4}"
EndProject
Project("{9A19103F-16F7-4668-BE54-9A1E7A4F7556}") = "learn", "week02\learn\learn.csproj", "{97703948-077C-4CBD-93BF-8AEFA6EAEB81}"
EndProject
Project("{9A19103F-16F7-4668-BE54-9A1E7A4F7556}") = "teach", "week02\teach\teach.csproj", "{274B7244-D0D1-4587-9AD2-CF18C38BD81E}"
EndProject
Project("{2150E333-8FDC-42A3-9474-1A3956D46DE8}") = "week03", "week03", "{40A4DD7C-9C69-4238-A201-6E7FF61741E2}"
EndProject
Project("{9A19103F-16F7-4668-BE54-9A1E7A4F7556}") = "code", "week03\code\code.csproj", "{DAED2F06-6366-423A-8C9B-56B2224BBA95}"
EndProject
Project("{9A19103F-16F7-4668-BE54-9A1E7A4F7556}") = "learn", "week03\learn\learn.csproj", "{2CE33D6D-4628-429A-8C06-6C0757C70947}"
EndProject
Project("{9A19103F-16F7-4668-BE54-9A1E7A4F7556}") = "teach", "week03\teach\teach.csproj", "{B776C585-460D-4F7B-94A5-64B22E3A32E1}"
EndProject
Project("{2150E333-8FDC-42A3-9474-1A3956D46DE8}") = "week04", "week04", "{77E9CCD5-1E18-4FE3-A60B-C1284964569E}"
EndProject
Project("{9A19103F-16F7-4668-BE54-9A1E7A4F7556}") = "code", "week04\code\code.csproj", "{9990F50F-DD56-4B5C-8D1C-85DE3836CA8B}"
EndProject
Project("{2150E333-8FDC-42A3-9474-1A3956D46DE8}") = "week05", "week05", "{9D58C4BF-BD90-4F50-81A4-38896A845CFE}"
EndProject
Project("{9A19103F-16F7-4668-BE54-9A1E7A4F7556}") = "code", "week05\code\code.csproj", "{05A63424-CE72-48B2-9807-E80CF7A3A93B}"
EndProject
Project("{2150E333-8FDC-42A3-9474-1A3956D46DE8}") = "week06", "week06", "{A705D56D-74BA-4007-9A0B-3F0D05EAC25B}"
EndProject
Project("{9A19103F-16F7-4668-BE54-9A1E7A4F7556}") = "code", "week06\code\code.csproj", "{17BE1F27-037B-48E3-923B-78BF143311C6}"
EndProject
Global
	GlobalSection(SolutionConfigurationPlatforms) = preSolution
		Debug|Any CPU = Debug|Any CPU
		Release|Any CPU = Release|Any CPU
	EndGlobalSection
	GlobalSection(ProjectConfigurationPlatforms) = postSolution
		{A5E827EA-533D-42BC-9D9A-0D3F63766BBE}.Debug|Any CPU.ActiveCfg = Debug|Any CPU
		{A5E827EA-533D-42BC-9D9A-0D3F63766BBE}.Debug|Any CPU.Build.0 = Debug|Any CPU
		{A5E827EA-533D-42BC-9D9A-0D3F63766BBE}.Release|Any CPU.ActiveCfg = Release|Any CPU
		{A5E827EA-533D-42BC-9D9A-0D3F63766BBE}.Release|Any CPU.Build.0 = Release|Any CPU
		{BAED6483-995F-41D0-BB8B-4C33B5AE1986}.Debug|Any CPU.ActiveCfg = Debug|Any CPU
		{BAED6483-995F-41D0-BB8B-4C33B5AE1986}.Debug|Any CPU.Build.0 = Debug|Any CPU
		{BAED6483-995F-41D0-BB8B-4C33B5AE1986}.Release|Any CPU.ActiveCfg = Release|Any CPU
		{BAED6483-995F-41D0-BB8B-4C33B5AE1986}.Release|Any CPU.Build.0 = Release|Any CPU
		{89A9D86D-6D41-4D13-B544-8D75F53C5319}.Debug|Any CPU.ActiveCfg = Debug|Any CPU
		{89A9D86D-6D41-4D13-B544-8D75F53C5319}.Debug|Any CPU.Build.0 = Debug|Any CPU
		{89A9D86D-6D41-4D13-B544-8D75F53C5319}.Release|Any CPU.ActiveCfg = Release|Any CPU
		{89A9D86D-6D41-4D13-B544-8D75F53C5319}.Release|Any CPU.Build.0 = Release|Any CPU
		{88AC69DA-FC49-4F3E-8A4C-B9DE44816D10}.Debug|Any CPU.ActiveCfg = Debug|Any CPU
		{88AC69DA-FC49-4F3E-8A4C-B9DE44816D10}.Debug|Any CPU.Build.0 = Debug|Any CPU
		{88AC69DA-FC49-4F3E-8A4C-B9DE44816D10}.Release|Any CPU.ActiveCfg = Release|Any CPU
		{88AC69DA-FC49-4F3E-8A4C-B9DE44816D10}.Release|Any CPU.Build.0 = Release|Any CPU
		{96B5C5F0-143E-4C9E-83AC-2662093D63F4}.Debug|Any CPU.ActiveCfg = Debug|Any CPU
		{96B5C5F0-143E-4C9E-83AC-2662093D63F4}.Debug|Any CPU.Build.0 = Debug|Any CPU
		{96B5C5F0-143E-4C9E-83AC-2662093D63F4}.Release|Any CPU.ActiveCfg = Release|Any CPU
		{96B5C5F0-143E-4C9E-83AC-2662093D63F4}.Release|Any CPU.Build.0 = Release|Any CPU
		{F357B5B5-5902-4678-AC48-3ECF6B77AFD4}.Debug|Any CPU.ActiveCfg = Debug|Any CPU
		{F357B5B5-5902-4678-AC48-3ECF6B77AFD4}.Debug|Any CPU.Build.0 = Debug|Any CPU
		{F357B5B5-5902-4678-AC48-3ECF6B77AFD4}.Release|Any CPU.ActiveCfg = Release|Any CPU
		{F357B5B5-5902-4678-AC48-3ECF6B77AFD4}.Release|Any CPU.Build.0 = Release|Any CPU
		{97703948-077C-4CBD-93BF-8AEFA6EAEB81}.Debug|Any CPU.ActiveCfg = Debug|Any CPU
		{97703948-077C-4CBD-93BF-8AEFA6EAEB81}.Debug|Any CPU.Build.0 = Debug|Any CPU
		{97703948-077C-4CBD-93BF-8AEFA6EAEB81}.Release|Any CPU.ActiveCfg = Release|Any CPU
		{97703948-077C-4CBD-93BF-8AEFA6EAEB81}.Release|Any CPU.Build.0 = Release|Any CPU
		{274B7244-D0D1-4587-9AD2-CF18C38BD81E}.Debug|Any CPU.ActiveCfg = Debug|Any CPU
		{274B7244-D0D1-4587-9AD2-CF18C38BD81E}.Debug|Any CPU.Build.0 = Debug|Any CPU
		{274B7244-D0D1-4587-9AD2-CF18C38BD81E}.Release|Any CPU.ActiveCfg = Release|Any CPU
		{274B7244-D0D1-4587-9AD2-CF18C38BD81E}.Release|Any CPU.Build.0 = Release|Any CPU
		{DAED2F06-6366-423A-8C9B-56B2224BBA95}.Debug|Any CPU.ActiveCfg = Debug|Any CPU
		{DAED2F06-6366-423A-8C9B-56B2224BBA95}.Debug|Any CPU.Build.0 = Debug|Any CPU
		{DAED2F06-6366-423A-8C9B-56B2224BBA95}.Release|Any CPU.ActiveCfg = Release|Any CPU
		{DAED2F06-6366-423A-8C9B-56B2224BBA95}.Release|Any CPU.Build.0 = Release|Any CPU
		{2CE33D6D-4628-429A-8C06-6C0757C70947}.Debug|Any CPU.ActiveCfg = Debug|Any CPU
		{2CE33D6D-4628-429A-8C06-6C0757C70947}.Debug|Any CPU.Build.0 = Debug|Any CPU
		{2CE33D6D-4628-429A-8C06-6C0757C70947}.Release|Any CPU.ActiveCfg = Release|Any CPU
		{2CE33D6D-4628-429A-8C06-6C0757C70947}.Release|Any CPU.Build.0 = Release|Any CPU
		{B776C585-460D-4F7B-94A5-64B22E3A32E1}.Debug|Any CPU.ActiveCfg = Debug|Any CPU
		{B776C585-460D-4F7B-94A5-64B22E3A32E1}.Debug|Any CPU.Build.0 = Debug|Any CPU
		{B776C585-460D-4F7B-94A5-64B22E3A32E1}.Release|Any CPU.ActiveCfg = Release|Any CPU
		{B776C585-460D-4F7B-94A5-64B22E3A32E1}.Release|Any CPU.Build.0 = Release|Any CPU
		{9990F50F-DD56-4B5C-8D1C-85DE3836CA8B}.Debug|Any CPU.ActiveCfg = Debug|Any CPU
		{9990F50F-DD56-4B5C-8D1C-85DE3836CA8B}.Debug|Any CPU.Build.0 = Debug|Any CPU
		{9990F50F-DD56-4B5C-8D1C-85DE3836CA8B}.Release|Any CPU.ActiveCfg = Release|Any CPU
		{9990F50F-DD56-4B5C-8D1C-85DE3836CA8B}.Release|Any CPU.Build.0 = Release|Any CPU
		{05A63424-CE72-48B2-9807-E80CF7A3A93B}.Debug|Any CPU.ActiveCfg = Debug|Any CPU
		{05A63424-CE72-48B2-9807-E80CF7A3A93B}.Debug|Any CPU.Build.0 = Debug|Any CPU
		{05A63424-CE72-48B2-9807-E80CF7A3A93B}.Release|Any CPU.ActiveCfg = Release|Any CPU
		{05A63424-CE72-48B2-9807-E80CF7A3A93B}.Release|Any CPU.Build.0 = Release|Any CPU
		{17BE1F27-037B-48E3-923B-78BF143311C6}.Debug|Any CPU.ActiveCfg = Debug|Any CPU
		{17BE1F27-037B-48E3-923B-78BF143311C6}.Debug|Any CPU.Build.0 = Debug|Any CPU
		{17BE1F27-037B-48E3-923B-78BF143311C6}.Release|Any CPU.ActiveCfg = Release|Any CPU
		{17BE1F27-037B-48E3-923B-78BF143311C6}.Release|Any CPU.Build.0 = Release|Any CPU
	EndGlobalSection
	GlobalSection(SolutionProperties) = preSolution
		HideSolutionNode = FALSE
	EndGlobalSection
	GlobalSection(NestedProjects) = preSolution
		{A5E827EA-533D-42BC-9D9A-0D3F63766BBE} = {1C83236F-76D6-4F0B-B251-0F13AA4B01E4}
		{BAED6483-995F-41D0-BB8B-4C33B5AE1986} = {B4DDC6D4-E22C-487F-8364-876C35DE2634}
		{89A9D86D-6D41-4D13-B544-8D75F53C5319} = {B4DDC6D4-E22C-487F-8364-876C35DE2634}
		{88AC69DA-FC49-4F3E-8A4C-B9DE44816D10} = {B4DDC6D4-E22C-487F-8364-876C35DE2634}
		{96B5C5F0-143E-4C9E-83AC-2662093D63F4} = {F5F27EBA-27D6-4BC4-8BE0-2F3B30AC52B0}
		{F357B5B5-5902-4678-AC48-3ECF6B77AFD4} = {F5F27EBA-27D6-4BC4-8BE0-2F3B30AC52B0}
		{97703948-077C-4CBD-93BF-8AEFA6EAEB81} = {F5F27EBA-27D6-4BC4-8BE0-2F3B30AC52B0}
		{274B7244-D0D1-4587-9AD2-CF18C38BD81E} = {F5F27EBA-27D6-4BC4-8BE0-2F3B30AC52B0}
		{DAED2F06-6366-423A-8C9B-56B2224BBA95} = {40A4DD7C-9C69-4238-A201-6E7FF61741E2}
		{2CE33D6D-4628-429A-8C06-6C0757C70947} = {40A4DD7C-9C69-4238-A201-6E7FF61741E2}
		{B776C585-460D-4F7B-94A5-64B22E3A32E1} = {40A4DD7C-9C69-4238-A201-6E7FF61741E2}
		{9990F50F-DD56-4B5C-8D1C-85DE3836CA8B} = {77E9CCD5-1E18-4FE3-A60B-C1284964569E}
		{05A63424-CE72-48B2-9807-E80CF7A3A93B} = {9D58C4BF-BD90-4F50-81A4-38896A845CFE}
		{17BE1F27-037B-48E3-923B-78BF143311C6} = {A705D56D-74BA-4007-9A0B-3F0D05EAC25B}
	EndGlobalSection
	GlobalSection(ExtensibilityGlobals) = postSolution
		SolutionGuid = {1FC95818-36C8-4F4B-8AB5-782A430D5564}
	EndGlobalSection
EndGlobal
